
Microsoft Visual Studio Solution File, Format Version 12.00
# Visual Studio Version 16
VisualStudioVersion = 16.0.34301.259
MinimumVisualStudioVersion = 10.0.40219.1
Project("{FAE04EC0-301F-11D3-BF4B-00C04F79EFBC}") = "Tyuiu.NosyrevaUA.Sprint6.TaskReview.V13.Test", "Tyuiu.NosyrevaUA.Sprint6.TaskReview.V13.Test\Tyuiu.NosyrevaUA.Sprint6.TaskReview.V13.Test.csproj", "{810BA232-6209-4E47-B89A-0EF5AE62FF03}"
EndProject
Project("{FAE04EC0-301F-11D3-BF4B-00C04F79EFBC}") = "Tyuiu.NosyrevaUA.Sprint6.TaskReview.V13.Lib", "Tyuiu.NosyrevaUA.Sprint6.TaskReview.V13.Lib\Tyuiu.NosyrevaUA.Sprint6.TaskReview.V13.Lib.csproj", "{9DCDDADF-464D-4A2F-B32D-4459DEBDF755}"
EndProject
Project("{FAE04EC0-301F-11D3-BF4B-00C04F79EFBC}") = "Tyuiu.NosyrevaUA.Sprint6.TaskReview.V13", "Tyuiu.NosyrevaUA.Sprint6.TaskReview.V13\Tyuiu.NosyrevaUA.Sprint6.TaskReview.V13.csproj", "{789C718E-2147-4370-B9AC-4850C7E079C5}"
EndProject
Global
	GlobalSection(SolutionConfigurationPlatforms) = preSolution
		Debug|Any CPU = Debug|Any CPU
		Release|Any CPU = Release|Any CPU
	EndGlobalSection
	GlobalSection(ProjectConfigurationPlatforms) = postSolution
		{810BA232-6209-4E47-B89A-0EF5AE62FF03}.Debug|Any CPU.ActiveCfg = Debug|Any CPU
		{810BA232-6209-4E47-B89A-0EF5AE62FF03}.Debug|Any CPU.Build.0 = Debug|Any CPU
		{810BA232-6209-4E47-B89A-0EF5AE62FF03}.Release|Any CPU.ActiveCfg = Release|Any CPU
		{810BA232-6209-4E47-B89A-0EF5AE62FF03}.Release|Any CPU.Build.0 = Release|Any CPU
		{9DCDDADF-464D-4A2F-B32D-4459DEBDF755}.Debug|Any CPU.ActiveCfg = Debug|Any CPU
		{9DCDDADF-464D-4A2F-B32D-4459DEBDF755}.Debug|Any CPU.Build.0 = Debug|Any CPU
		{9DCDDADF-464D-4A2F-B32D-4459DEBDF755}.Release|Any CPU.ActiveCfg = Release|Any CPU
		{9DCDDADF-464D-4A2F-B32D-4459DEBDF755}.Release|Any CPU.Build.0 = Release|Any CPU
		{789C718E-2147-4370-B9AC-4850C7E079C5}.Debug|Any CPU.ActiveCfg = Debug|Any CPU
		{789C718E-2147-4370-B9AC-4850C7E079C5}.Debug|Any CPU.Build.0 = Debug|Any CPU
		{789C718E-2147-4370-B9AC-4850C7E079C5}.Release|Any CPU.ActiveCfg = Release|Any CPU
		{789C718E-2147-4370-B9AC-4850C7E079C5}.Release|Any CPU.Build.0 = Release|Any CPU
	EndGlobalSection
	GlobalSection(SolutionProperties) = preSolution
		HideSolutionNode = FALSE
	EndGlobalSection
	GlobalSection(ExtensibilityGlobals) = postSolution
		SolutionGuid = {33593262-59AE-4A9A-86E1-1EF3BA94558B}
	EndGlobalSection
EndGlobal
